
Microsoft Visual Studio Solution File, Format Version 12.00
# Visual Studio 15
VisualStudioVersion = 15.0.27004.2005
MinimumVisualStudioVersion = 10.0.40219.1
Project("{9A19103F-16F7-4668-BE54-9A1E7A4F7556}") = "ERNI.PhotoDatabase.Server", "ERNI.PhotoDatabase.Server\ERNI.PhotoDatabase.Server.csproj", "{7E3C185E-D3B4-43FD-ABFD-ACD247FBE304}"
EndProject
Project("{9A19103F-16F7-4668-BE54-9A1E7A4F7556}") = "ERNI.PhotoDatabase.DataAccess", "ERNI.PhotoDatabase.DataAccess\ERNI.PhotoDatabase.DataAccess.csproj", "{126A9387-0968-49D3-B16F-0EB050138806}"
EndProject
Project("{FAE04EC0-301F-11D3-BF4B-00C04F79EFBC}") = "ERNI.PhotoDatabase.Server.Test", "ERNI.PhotoDatabase.Server.Test\ERNI.PhotoDatabase.Server.Test.csproj", "{3C416E86-C888-4CF3-B569-3B22779881B5}"
EndProject
Global
	GlobalSection(SolutionConfigurationPlatforms) = preSolution
		Debug|Any CPU = Debug|Any CPU
		Release|Any CPU = Release|Any CPU
	EndGlobalSection
	GlobalSection(ProjectConfigurationPlatforms) = postSolution
		{7E3C185E-D3B4-43FD-ABFD-ACD247FBE304}.Debug|Any CPU.ActiveCfg = Debug|Any CPU
		{7E3C185E-D3B4-43FD-ABFD-ACD247FBE304}.Debug|Any CPU.Build.0 = Debug|Any CPU
		{7E3C185E-D3B4-43FD-ABFD-ACD247FBE304}.Release|Any CPU.ActiveCfg = Release|Any CPU
		{7E3C185E-D3B4-43FD-ABFD-ACD247FBE304}.Release|Any CPU.Build.0 = Release|Any CPU
		{126A9387-0968-49D3-B16F-0EB050138806}.Debug|Any CPU.ActiveCfg = Debug|Any CPU
		{126A9387-0968-49D3-B16F-0EB050138806}.Debug|Any CPU.Build.0 = Debug|Any CPU
		{126A9387-0968-49D3-B16F-0EB050138806}.Release|Any CPU.ActiveCfg = Release|Any CPU
		{126A9387-0968-49D3-B16F-0EB050138806}.Release|Any CPU.Build.0 = Release|Any CPU
		{3C416E86-C888-4CF3-B569-3B22779881B5}.Debug|Any CPU.ActiveCfg = Debug|Any CPU
		{3C416E86-C888-4CF3-B569-3B22779881B5}.Debug|Any CPU.Build.0 = Debug|Any CPU
		{3C416E86-C888-4CF3-B569-3B22779881B5}.Release|Any CPU.ActiveCfg = Release|Any CPU
		{3C416E86-C888-4CF3-B569-3B22779881B5}.Release|Any CPU.Build.0 = Release|Any CPU
	EndGlobalSection
	GlobalSection(SolutionProperties) = preSolution
		HideSolutionNode = FALSE
	EndGlobalSection
	GlobalSection(ExtensibilityGlobals) = postSolution
		SolutionGuid = {2EA80481-BB76-4712-826D-97C06E2B1169}
	EndGlobalSection
EndGlobal
